
Microsoft Visual Studio Solution File, Format Version 12.00
# Visual Studio Version 17
VisualStudioVersion = 17.7.34031.279
MinimumVisualStudioVersion = 10.0.40219.1
Project("{FAE04EC0-301F-11D3-BF4B-00C04F79EFBC}") = "PasswordSaver", "PasswordSaver\PasswordSaver.csproj", "{D59E2F76-7384-4C55-B19D-BC6FB4959F8C}"
EndProject
Global
	GlobalSection(SolutionConfigurationPlatforms) = preSolution
		Debug|Any CPU = Debug|Any CPU
		Release|Any CPU = Release|Any CPU
	EndGlobalSection
	GlobalSection(ProjectConfigurationPlatforms) = postSolution
		{D59E2F76-7384-4C55-B19D-BC6FB4959F8C}.Debug|Any CPU.ActiveCfg = Debug|Any CPU
		{D59E2F76-7384-4C55-B19D-BC6FB4959F8C}.Debug|Any CPU.Build.0 = Debug|Any CPU
		{D59E2F76-7384-4C55-B19D-BC6FB4959F8C}.Release|Any CPU.ActiveCfg = Release|Any CPU
		{D59E2F76-7384-4C55-B19D-BC6FB4959F8C}.Release|Any CPU.Build.0 = Release|Any CPU
	EndGlobalSection
	GlobalSection(SolutionProperties) = preSolution
		HideSolutionNode = FALSE
	EndGlobalSection
	GlobalSection(ExtensibilityGlobals) = postSolution
		SolutionGuid = {5B8E620E-63A5-4F4C-B82E-129303CF8DFA}
	EndGlobalSection
EndGlobal
